// !$*UTF8*$!
{
	archiveVersion = 1;
	classes = {
	};
	objectVersion = 46;
	objects = {

/* Begin PBXBuildFile section */
		9238B9B41C454B860052EDD6 /* NotoSans-Italic.ttf in Resources */ = {isa = PBXBuildFile; fileRef = 9238B9B01C454B860052EDD6 /* NotoSans-Italic.ttf */; };
		9238B9B51C454B860052EDD6 /* NotoSans-Regular.ttf in Resources */ = {isa = PBXBuildFile; fileRef = 9238B9B11C454B860052EDD6 /* NotoSans-Regular.ttf */; };
		9238B9B61C454B860052EDD6 /* NotoSans-Bold.ttf in Resources */ = {isa = PBXBuildFile; fileRef = 9238B9B21C454B860052EDD6 /* NotoSans-Bold.ttf */; };
		9238B9B71C454B860052EDD6 /* NotoSans-BoldItalic.ttf in Resources */ = {isa = PBXBuildFile; fileRef = 9238B9B31C454B860052EDD6 /* NotoSans-BoldItalic.ttf */; };
		9238EACC1C453592004B223F /* AppDelegate.swift in Sources */ = {isa = PBXBuildFile; fileRef = 9238EACB1C453592004B223F /* AppDelegate.swift */; };
		9238EACE1C453592004B223F /* ViewController.swift in Sources */ = {isa = PBXBuildFile; fileRef = 9238EACD1C453592004B223F /* ViewController.swift */; };
		9238EAD11C453592004B223F /* Main.storyboard in Resources */ = {isa = PBXBuildFile; fileRef = 9238EACF1C453592004B223F /* Main.storyboard */; };
		9238EAD31C453592004B223F /* Assets.xcassets in Resources */ = {isa = PBXBuildFile; fileRef = 9238EAD21C453592004B223F /* Assets.xcassets */; };
		9238EAD61C453592004B223F /* LaunchScreen.storyboard in Resources */ = {isa = PBXBuildFile; fileRef = 9238EAD41C453592004B223F /* LaunchScreen.storyboard */; };
		92CA79BA1C47168600A97A29 /* poPost.swift in Sources */ = {isa = PBXBuildFile; fileRef = 92CA79B91C47168600A97A29 /* poPost.swift */; };
		92E222131C4BE41A00A34DB0 /* MaterialView.swift in Sources */ = {isa = PBXBuildFile; fileRef = 92E222121C4BE41A00A34DB0 /* MaterialView.swift */; };
		92E222161C4BE4CE00A34DB0 /* Constance.swift in Sources */ = {isa = PBXBuildFile; fileRef = 92E222151C4BE4CE00A34DB0 /* Constance.swift */; };
		92E222181C4BE75800A34DB0 /* MaterialButton.swift in Sources */ = {isa = PBXBuildFile; fileRef = 92E222171C4BE75800A34DB0 /* MaterialButton.swift */; };
		92E2221A1C4BEAA400A34DB0 /* MaterialTextField.swift in Sources */ = {isa = PBXBuildFile; fileRef = 92E222191C4BEAA400A34DB0 /* MaterialTextField.swift */; };
/* End PBXBuildFile section */

/* Begin PBXFileReference section */
		9238B9B01C454B860052EDD6 /* NotoSans-Italic.ttf */ = {isa = PBXFileReference; lastKnownFileType = file; path = "NotoSans-Italic.ttf"; sourceTree = "<group>"; };
		9238B9B11C454B860052EDD6 /* NotoSans-Regular.ttf */ = {isa = PBXFileReference; lastKnownFileType = file; path = "NotoSans-Regular.ttf"; sourceTree = "<group>"; };
		9238B9B21C454B860052EDD6 /* NotoSans-Bold.ttf */ = {isa = PBXFileReference; lastKnownFileType = file; path = "NotoSans-Bold.ttf"; sourceTree = "<group>"; };
		9238B9B31C454B860052EDD6 /* NotoSans-BoldItalic.ttf */ = {isa = PBXFileReference; lastKnownFileType = file; path = "NotoSans-BoldItalic.ttf"; sourceTree = "<group>"; };
		9238EAC81C453592004B223F /* pin-on.app */ = {isa = PBXFileReference; explicitFileType = wrapper.application; includeInIndex = 0; path = "pin-on.app"; sourceTree = BUILT_PRODUCTS_DIR; };
		9238EACB1C453592004B223F /* AppDelegate.swift */ = {isa = PBXFileReference; lastKnownFileType = sourcecode.swift; path = AppDelegate.swift; sourceTree = "<group>"; };
		9238EACD1C453592004B223F /* ViewController.swift */ = {isa = PBXFileReference; lastKnownFileType = sourcecode.swift; path = ViewController.swift; sourceTree = "<group>"; };
		9238EAD01C453592004B223F /* Base */ = {isa = PBXFileReference; lastKnownFileType = file.storyboard; name = Base; path = Base.lproj/Main.storyboard; sourceTree = "<group>"; };
		9238EAD21C453592004B223F /* Assets.xcassets */ = {isa = PBXFileReference; lastKnownFileType = folder.assetcatalog; path = Assets.xcassets; sourceTree = "<group>"; };
		9238EAD51C453592004B223F /* Base */ = {isa = PBXFileReference; lastKnownFileType = file.storyboard; name = Base; path = Base.lproj/LaunchScreen.storyboard; sourceTree = "<group>"; };
		9238EAD71C453592004B223F /* Info.plist */ = {isa = PBXFileReference; lastKnownFileType = text.plist.xml; path = Info.plist; sourceTree = "<group>"; };
		92CA79B91C47168600A97A29 /* poPost.swift */ = {isa = PBXFileReference; fileEncoding = 4; lastKnownFileType = sourcecode.swift; path = poPost.swift; sourceTree = "<group>"; };
		92E222121C4BE41A00A34DB0 /* MaterialView.swift */ = {isa = PBXFileReference; fileEncoding = 4; lastKnownFileType = sourcecode.swift; path = MaterialView.swift; sourceTree = "<group>"; };
		92E222151C4BE4CE00A34DB0 /* Constance.swift */ = {isa = PBXFileReference; fileEncoding = 4; lastKnownFileType = sourcecode.swift; path = Constance.swift; sourceTree = "<group>"; };
		92E222171C4BE75800A34DB0 /* MaterialButton.swift */ = {isa = PBXFileReference; fileEncoding = 4; lastKnownFileType = sourcecode.swift; path = MaterialButton.swift; sourceTree = "<group>"; };
		92E222191C4BEAA400A34DB0 /* MaterialTextField.swift */ = {isa = PBXFileReference; fileEncoding = 4; lastKnownFileType = sourcecode.swift; path = MaterialTextField.swift; sourceTree = "<group>"; };
/* End PBXFileReference section */

/* Begin PBXFrameworksBuildPhase section */
		9238EAC51C453592004B223F /* Frameworks */ = {
			isa = PBXFrameworksBuildPhase;
			buildActionMask = 2147483647;
			files = (
			);
			runOnlyForDeploymentPostprocessing = 0;
		};
/* End PBXFrameworksBuildPhase section */

/* Begin PBXGroup section */
		9238EABF1C453592004B223F = {
			isa = PBXGroup;
			children = (
				92E222141C4BE4BD00A34DB0 /* Util */,
				9238EACA1C453592004B223F /* pin-on */,
				9238EAC91C453592004B223F /* Products */,
			);
			sourceTree = "<group>";
		};
		9238EAC91C453592004B223F /* Products */ = {
			isa = PBXGroup;
			children = (
				9238EAC81C453592004B223F /* pin-on.app */,
			);
			name = Products;
			sourceTree = "<group>";
		};
		9238EACA1C453592004B223F /* pin-on */ = {
			isa = PBXGroup;
			children = (
				9238EACF1C453592004B223F /* Main.storyboard */,
				9238EAD41C453592004B223F /* LaunchScreen.storyboard */,
				9238EAE01C453AF8004B223F /* Model */,
				9238EADE1C453AC5004B223F /* Vew */,
				9238EAE11C453B05004B223F /* Controller */,
				9238EAE31C453B25004B223F /* Util */,
				9238EAE21C453B16004B223F /* Resources */,
				9238EADD1C453A8C004B223F /* SupportFiles */,
			);
			path = "pin-on";
			sourceTree = "<group>";
		};
		9238EADD1C453A8C004B223F /* SupportFiles */ = {
			isa = PBXGroup;
			children = (
				9238EACB1C453592004B223F /* AppDelegate.swift */,
				9238EAD21C453592004B223F /* Assets.xcassets */,
				9238EAD71C453592004B223F /* Info.plist */,
			);
			name = SupportFiles;
			sourceTree = "<group>";
		};
		9238EADE1C453AC5004B223F /* Vew */ = {
			isa = PBXGroup;
			children = (
				92E222121C4BE41A00A34DB0 /* MaterialView.swift */,
				92E222171C4BE75800A34DB0 /* MaterialButton.swift */,
				92E222191C4BEAA400A34DB0 /* MaterialTextField.swift */,
			);
			name = Vew;
			sourceTree = "<group>";
		};
		9238EAE01C453AF8004B223F /* Model */ = {
			isa = PBXGroup;
			children = (
				92CA79B91C47168600A97A29 /* poPost.swift */,
			);
			name = Model;
			sourceTree = "<group>";
		};
		9238EAE11C453B05004B223F /* Controller */ = {
			isa = PBXGroup;
			children = (
				9238EACD1C453592004B223F /* ViewController.swift */,
			);
			name = Controller;
			sourceTree = "<group>";
		};
		9238EAE21C453B16004B223F /* Resources */ = {
			isa = PBXGroup;
			children = (
				9238B9B01C454B860052EDD6 /* NotoSans-Italic.ttf */,
				9238B9B11C454B860052EDD6 /* NotoSans-Regular.ttf */,
				9238B9B21C454B860052EDD6 /* NotoSans-Bold.ttf */,
				9238B9B31C454B860052EDD6 /* NotoSans-BoldItalic.ttf */,
			);
			name = Resources;
			sourceTree = "<group>";
		};
		9238EAE31C453B25004B223F /* Util */ = {
			isa = PBXGroup;
			children = (
			);
			name = Util;
			sourceTree = "<group>";
		};
		92E222141C4BE4BD00A34DB0 /* Util */ = {
			isa = PBXGroup;
			children = (
				92E222151C4BE4CE00A34DB0 /* Constance.swift */,
			);
			name = Util;
			sourceTree = "<group>";
		};
/* End PBXGroup section */

/* Begin PBXNativeTarget section */
		9238EAC71C453592004B223F /* pin-on */ = {
			isa = PBXNativeTarget;
			buildConfigurationList = 9238EADA1C453592004B223F /* Build configuration list for PBXNativeTarget "pin-on" */;
			buildPhases = (
				9238EAC41C453592004B223F /* Sources */,
				9238EAC51C453592004B223F /* Frameworks */,
				9238EAC61C453592004B223F /* Resources */,
			);
			buildRules = (
			);
			dependencies = (
			);
			name = "pin-on";
			productName = "pin-on";
			productReference = 9238EAC81C453592004B223F /* pin-on.app */;
			productType = "com.apple.product-type.application";
		};
/* End PBXNativeTarget section */

/* Begin PBXProject section */
		9238EAC01C453592004B223F /* Project object */ = {
			isa = PBXProject;
			attributes = {
				LastSwiftUpdateCheck = 0720;
				LastUpgradeCheck = 0720;
				ORGANIZATIONNAME = FaceCat;
				TargetAttributes = {
					9238EAC71C453592004B223F = {
						CreatedOnToolsVersion = 7.2;
						DevelopmentTeam = ZC6JT4NBEH;
					};
				};
			};
			buildConfigurationList = 9238EAC31C453592004B223F /* Build configuration list for PBXProject "pin-on" */;
			compatibilityVersion = "Xcode 3.2";
			developmentRegion = English;
			hasScannedForEncodings = 0;
			knownRegions = (
				en,
				Base,
			);
			mainGroup = 9238EABF1C453592004B223F;
			productRefGroup = 9238EAC91C453592004B223F /* Products */;
			projectDirPath = "";
			projectRoot = "";
			targets = (
				9238EAC71C453592004B223F /* pin-on */,
			);
		};
/* End PBXProject section */

/* Begin PBXResourcesBuildPhase section */
		9238EAC61C453592004B223F /* Resources */ = {
			isa = PBXResourcesBuildPhase;
			buildActionMask = 2147483647;
			files = (
				9238B9B61C454B860052EDD6 /* NotoSans-Bold.ttf in Resources */,
				9238EAD61C453592004B223F /* LaunchScreen.storyboard in Resources */,
				9238EAD31C453592004B223F /* Assets.xcassets in Resources */,
				9238B9B71C454B860052EDD6 /* NotoSans-BoldItalic.ttf in Resources */,
				9238B9B51C454B860052EDD6 /* NotoSans-Regular.ttf in Resources */,
				9238EAD11C453592004B223F /* Main.storyboard in Resources */,
				9238B9B41C454B860052EDD6 /* NotoSans-Italic.ttf in Resources */,
			);
			runOnlyForDeploymentPostprocessing = 0;
		};
/* End PBXResourcesBuildPhase section */

/* Begin PBXSourcesBuildPhase section */
		9238EAC41C453592004B223F /* Sources */ = {
			isa = PBXSourcesBuildPhase;
			buildActionMask = 2147483647;
			files = (
				92CA79BA1C47168600A97A29 /* poPost.swift in Sources */,
				9238EACE1C453592004B223F /* ViewController.swift in Sources */,
				92E222181C4BE75800A34DB0 /* MaterialButton.swift in Sources */,
				9238EACC1C453592004B223F /* AppDelegate.swift in Sources */,
				92E222161C4BE4CE00A34DB0 /* Constance.swift in Sources */,
				92E222131C4BE41A00A34DB0 /* MaterialView.swift in Sources */,
				92E2221A1C4BEAA400A34DB0 /* MaterialTextField.swift in Sources */,
			);
			runOnlyForDeploymentPostprocessing = 0;
		};
/* End PBXSourcesBuildPhase section */

/* Begin PBXVariantGroup section */
		9238EACF1C453592004B223F /* Main.storyboard */ = {
			isa = PBXVariantGroup;
			children = (
				9238EAD01C453592004B223F /* Base */,
			);
			name = Main.storyboard;
			sourceTree = "<group>";
		};
		9238EAD41C453592004B223F /* LaunchScreen.storyboard */ = {
			isa = PBXVariantGroup;
			children = (
				9238EAD51C453592004B223F /* Base */,
			);
			name = LaunchScreen.storyboard;
			sourceTree = "<group>";
		};
/* End PBXVariantGroup section */

/* Begin XCBuildConfiguration section */
		9238EAD81C453592004B223F /* Debug */ = {
			isa = XCBuildConfiguration;
			buildSettings = {
				ALWAYS_SEARCH_USER_PATHS = NO;
				CLANG_CXX_LANGUAGE_STANDARD = "gnu++0x";
				CLANG_CXX_LIBRARY = "libc++";
				CLANG_ENABLE_MODULES = YES;
				CLANG_ENABLE_OBJC_ARC = YES;
				CLANG_WARN_BOOL_CONVERSION = YES;
				CLANG_WARN_CONSTANT_CONVERSION = YES;
				CLANG_WARN_DIRECT_OBJC_ISA_USAGE = YES_ERROR;
				CLANG_WARN_EMPTY_BODY = YES;
				CLANG_WARN_ENUM_CONVERSION = YES;
				CLANG_WARN_INT_CONVERSION = YES;
				CLANG_WARN_OBJC_ROOT_CLASS = YES_ERROR;
				CLANG_WARN_UNREACHABLE_CODE = YES;
				CLANG_WARN__DUPLICATE_METHOD_MATCH = YES;
				"CODE_SIGN_IDENTITY[sdk=iphoneos*]" = "iPhone Developer";
				COPY_PHASE_STRIP = NO;
				DEBUG_INFORMATION_FORMAT = dwarf;
				ENABLE_STRICT_OBJC_MSGSEND = YES;
				ENABLE_TESTABILITY = YES;
				GCC_C_LANGUAGE_STANDARD = gnu99;
				GCC_DYNAMIC_NO_PIC = NO;
				GCC_NO_COMMON_BLOCKS = YES;
				GCC_OPTIMIZATION_LEVEL = 0;
				GCC_PREPROCESSOR_DEFINITIONS = (
					"DEBUG=1",
					"$(inherited)",
				);
				GCC_WARN_64_TO_32_BIT_CONVERSION = YES;
				GCC_WARN_ABOUT_RETURN_TYPE = YES_ERROR;
				GCC_WARN_UNDECLARED_SELECTOR = YES;
				GCC_WARN_UNINITIALIZED_AUTOS = YES_AGGRESSIVE;
				GCC_WARN_UNUSED_FUNCTION = YES;
				GCC_WARN_UNUSED_VARIABLE = YES;
				IPHONEOS_DEPLOYMENT_TARGET = 9.2;
				MTL_ENABLE_DEBUG_INFO = YES;
				ONLY_ACTIVE_ARCH = YES;
				SDKROOT = iphoneos;
				SWIFT_OPTIMIZATION_LEVEL = "-Onone";
			};
			name = Debug;
		};
		9238EAD91C453592004B223F /* Release */ = {
			isa = XCBuildConfiguration;
			buildSettings = {
				ALWAYS_SEARCH_USER_PATHS = NO;
				CLANG_CXX_LANGUAGE_STANDARD = "gnu++0x";
				CLANG_CXX_LIBRARY = "libc++";
				CLANG_ENABLE_MODULES = YES;
				CLANG_ENABLE_OBJC_ARC = YES;
				CLANG_WARN_BOOL_CONVERSION = YES;
				CLANG_WARN_CONSTANT_CONVERSION = YES;
				CLANG_WARN_DIRECT_OBJC_ISA_USAGE = YES_ERROR;
				CLANG_WARN_EMPTY_BODY = YES;
				CLANG_WARN_ENUM_CONVERSION = YES;
				CLANG_WARN_INT_CONVERSION = YES;
				CLANG_WARN_OBJC_ROOT_CLASS = YES_ERROR;
				CLANG_WARN_UNREACHABLE_CODE = YES;
				CLANG_WARN__DUPLICATE_METHOD_MATCH = YES;
				"CODE_SIGN_IDENTITY[sdk=iphoneos*]" = "iPhone Developer";
				COPY_PHASE_STRIP = NO;
				DEBUG_INFORMATION_FORMAT = "dwarf-with-dsym";
				ENABLE_NS_ASSERTIONS = NO;
				ENABLE_STRICT_OBJC_MSGSEND = YES;
				GCC_C_LANGUAGE_STANDARD = gnu99;
				GCC_NO_COMMON_BLOCKS = YES;
				GCC_WARN_64_TO_32_BIT_CONVERSION = YES;
				GCC_WARN_ABOUT_RETURN_TYPE = YES_ERROR;
				GCC_WARN_UNDECLARED_SELECTOR = YES;
				GCC_WARN_UNINITIALIZED_AUTOS = YES_AGGRESSIVE;
				GCC_WARN_UNUSED_FUNCTION = YES;
				GCC_WARN_UNUSED_VARIABLE = YES;
				IPHONEOS_DEPLOYMENT_TARGET = 9.2;
				MTL_ENABLE_DEBUG_INFO = NO;
				SDKROOT = iphoneos;
				VALIDATE_PRODUCT = YES;
			};
			name = Release;
		};
		9238EADB1C453592004B223F /* Debug */ = {
			isa = XCBuildConfiguration;
			buildSettings = {
				ASSETCATALOG_COMPILER_APPICON_NAME = AppIcon;
				INFOPLIST_FILE = "pin-on/Info.plist";
				LD_RUNPATH_SEARCH_PATHS = "$(inherited) @executable_path/Frameworks";
				PRODUCT_BUNDLE_IDENTIFIER = "com.FaceCat.pin-on";
				PRODUCT_NAME = "$(TARGET_NAME)";
			};
			name = Debug;
		};
		9238EADC1C453592004B223F /* Release */ = {
			isa = XCBuildConfiguration;
			buildSettings = {
				ASSETCATALOG_COMPILER_APPICON_NAME = AppIcon;
				INFOPLIST_FILE = "pin-on/Info.plist";
				LD_RUNPATH_SEARCH_PATHS = "$(inherited) @executable_path/Frameworks";
				PRODUCT_BUNDLE_IDENTIFIER = "com.FaceCat.pin-on";
				PRODUCT_NAME = "$(TARGET_NAME)";
			};
			name = Release;
		};
/* End XCBuildConfiguration section */

/* Begin XCConfigurationList section */
		9238EAC31C453592004B223F /* Build configuration list for PBXProject "pin-on" */ = {
			isa = XCConfigurationList;
			buildConfigurations = (
				9238EAD81C453592004B223F /* Debug */,
				9238EAD91C453592004B223F /* Release */,
			);
			defaultConfigurationIsVisible = 0;
			defaultConfigurationName = Release;
		};
		9238EADA1C453592004B223F /* Build configuration list for PBXNativeTarget "pin-on" */ = {
			isa = XCConfigurationList;
			buildConfigurations = (
				9238EADB1C453592004B223F /* Debug */,
				9238EADC1C453592004B223F /* Release */,
			);
			defaultConfigurationIsVisible = 0;
			defaultConfigurationName = Release;
		};
/* End XCConfigurationList section */
	};
	rootObject = 9238EAC01C453592004B223F /* Project object */;
}
